PODS:
  - Alamofire (4.9.1)
  - PullToRefreshKit (0.8.8)
  - SnapKit (5.0.1)
  - SQLite.swift (0.12.2):
    - SQLite.swift/standard (= 0.12.2)
  - SQLite.swift/standard (0.12.2)

DEPENDENCIES:
  - Alamofire (= 4.9.1)
  - PullToRefreshKit
  - SnapKit
  - SQLite.swift

SPEC REPOS:
  trunk:
    - Alamofire
    - PullToRefreshKit
    - SnapKit
    - SQLite.swift

SPEC CHECKSUMS:
  Alamofire: 85e8a02c69d6020a0d734f6054870d7ecb75cf18
  PullToRefreshKit: 7cc53e720e69f135cffa1a57784dfb534f0222ab
  SnapKit: 97b92857e3df3a0c71833cce143274bf6ef8e5eb
  SQLite.swift: d2b4642190917051ce6bd1d49aab565fe794eea3

PODFILE CHECKSUM: f732ed1690f20c835e04e24f488169df435bdaca

COCOAPODS: 1.10.0
